// !$*UTF8*$!
{
	archiveVersion = 1;
	classes = {
	};
	objectVersion = 56;
	objects = {

/* Begin PBXBuildFile section */
		60197DDA2B3E86D4001A3B16 /* CustomNavBar.swift in Sources */ = {isa = PBXBuildFile; fileRef = 60197DD92B3E86D4001A3B16 /* CustomNavBar.swift */; };
		604FC4C82C111B9300D66AA0 /* UserModel.swift in Sources */ = {isa = PBXBuildFile; fileRef = 604FC4C72C111B9300D66AA0 /* UserModel.swift */; };
		60536BC42B30EB2A00E9458E /* CustomTabBarView.swift in Sources */ = {isa = PBXBuildFile; fileRef = 60536BC32B30EB2A00E9458E /* CustomTabBarView.swift */; };
		605466A02C05360B008C44FD /* StarRatingView.swift in Sources */ = {isa = PBXBuildFile; fileRef = 6054669F2C05360B008C44FD /* StarRatingView.swift */; };
		607B03802C07ACCD00FFD2B9 /* ExpandableTextView.swift in Sources */ = {isa = PBXBuildFile; fileRef = 607B037F2C07ACCD00FFD2B9 /* ExpandableTextView.swift */; };
		607B03822C07B6EB00FFD2B9 /* CollapsableTextView.swift in Sources */ = {isa = PBXBuildFile; fileRef = 607B03812C07B6EB00FFD2B9 /* CollapsableTextView.swift */; };
		607D6D3D2B3294B500E68E2C /* AnimeTabVC.swift in Sources */ = {isa = PBXBuildFile; fileRef = 607D6D3C2B3294B500E68E2C /* AnimeTabVC.swift */; };
		607D6D3F2B329DCE00E68E2C /* TabData.swift in Sources */ = {isa = PBXBuildFile; fileRef = 607D6D3E2B329DCE00E68E2C /* TabData.swift */; };
		607D6D412B329FE200E68E2C /* BookTabVC.swift in Sources */ = {isa = PBXBuildFile; fileRef = 607D6D402B329FE200E68E2C /* BookTabVC.swift */; };
		607D6D432B329FFF00E68E2C /* HomeTabVC.swift in Sources */ = {isa = PBXBuildFile; fileRef = 607D6D422B329FFF00E68E2C /* HomeTabVC.swift */; };
		607D6D462B32A09000E68E2C /* ProfileTabVC.swift in Sources */ = {isa = PBXBuildFile; fileRef = 607D6D452B32A09000E68E2C /* ProfileTabVC.swift */; };
		607D6D482B32A09B00E68E2C /* SavedTabVC.swift in Sources */ = {isa = PBXBuildFile; fileRef = 607D6D472B32A09B00E68E2C /* SavedTabVC.swift */; };
		607D6D4A2B32A0A800E68E2C /* BrowseTabView.swift in Sources */ = {isa = PBXBuildFile; fileRef = 607D6D492B32A0A800E68E2C /* BrowseTabView.swift */; };
		609594A72B2F9F2200EAE991 /* CellpictureView.swift in Sources */ = {isa = PBXBuildFile; fileRef = 609594A62B2F9F2200EAE991 /* CellpictureView.swift */; };
		609594A92B2FD55400EAE991 /* ShonenView.swift in Sources */ = {isa = PBXBuildFile; fileRef = 609594A82B2FD55400EAE991 /* ShonenView.swift */; };
		609594AC2B2FD5B800EAE991 /* IsekaiView.swift in Sources */ = {isa = PBXBuildFile; fileRef = 609594AB2B2FD5B800EAE991 /* IsekaiView.swift */; };
		609594AE2B2FD5CA00EAE991 /* SliceofLifeView.swift in Sources */ = {isa = PBXBuildFile; fileRef = 609594AD2B2FD5CA00EAE991 /* SliceofLifeView.swift */; };
		609594B02B2FD66600EAE991 /* SportsView.swift in Sources */ = {isa = PBXBuildFile; fileRef = 609594AF2B2FD66600EAE991 /* SportsView.swift */; };
		609594B22B2FD67300EAE991 /* RomanceView.swift in Sources */ = {isa = PBXBuildFile; fileRef = 609594B12B2FD67300EAE991 /* RomanceView.swift */; };
		609594B42B2FD68F00EAE991 /* AllView.swift in Sources */ = {isa = PBXBuildFile; fileRef = 609594B32B2FD68F00EAE991 /* AllView.swift */; };
		609594B62B2FD6DD00EAE991 /* PsychologicalView.swift in Sources */ = {isa = PBXBuildFile; fileRef = 609594B52B2FD6DD00EAE991 /* PsychologicalView.swift */; };
		609594B82B2FD71000EAE991 /* FantasyView.swift in Sources */ = {isa = PBXBuildFile; fileRef = 609594B72B2FD71000EAE991 /* FantasyView.swift */; };
		609594BA2B2FD72700EAE991 /* SciFiView.swift in Sources */ = {isa = PBXBuildFile; fileRef = 609594B92B2FD72700EAE991 /* SciFiView.swift */; };
		60AB3B642B2E996700D7FB2B /* Struct.swift in Sources */ = {isa = PBXBuildFile; fileRef = 60AB3B632B2E996700D7FB2B /* Struct.swift */; };
		60AB3B662B2EADCB00D7FB2B /* AnimeModel.swift in Sources */ = {isa = PBXBuildFile; fileRef = 60AB3B652B2EADCB00D7FB2B /* AnimeModel.swift */; };
		60AB3B682B2EB42400D7FB2B /* BookModel.swift in Sources */ = {isa = PBXBuildFile; fileRef = 60AB3B672B2EB42400D7FB2B /* BookModel.swift */; };
		60D9BF172B1BFAA500C8DF52 /* GlassmorphismApp.swift in Sources */ = {isa = PBXBuildFile; fileRef = 60D9BF162B1BFAA500C8DF52 /* GlassmorphismApp.swift */; };
		60D9BF192B1BFAA500C8DF52 /* ContentView.swift in Sources */ = {isa = PBXBuildFile; fileRef = 60D9BF182B1BFAA500C8DF52 /* ContentView.swift */; };
		60D9BF1B2B1BFAA600C8DF52 /* Assets.xcassets in Resources */ = {isa = PBXBuildFile; fileRef = 60D9BF1A2B1BFAA600C8DF52 /* Assets.xcassets */; };
		60D9BF1E2B1BFAA600C8DF52 /* Preview Assets.xcassets in Resources */ = {isa = PBXBuildFile; fileRef = 60D9BF1D2B1BFAA600C8DF52 /* Preview Assets.xcassets */; };
		60DCF26B2BFFE78000707A24 /* DetailVC.swift in Sources */ = {isa = PBXBuildFile; fileRef = 60DCF26A2BFFE78000707A24 /* DetailVC.swift */; };
/* End PBXBuildFile section */

/* Begin PBXFileReference section */
		60197DD92B3E86D4001A3B16 /* CustomNavBar.swift */ = {isa = PBXFileReference; lastKnownFileType = sourcecode.swift; path = CustomNavBar.swift; sourceTree = "<group>"; };
		604FC4C72C111B9300D66AA0 /* UserModel.swift */ = {isa = PBXFileReference; lastKnownFileType = sourcecode.swift; path = UserModel.swift; sourceTree = "<group>"; };
		60536BC32B30EB2A00E9458E /* CustomTabBarView.swift */ = {isa = PBXFileReference; lastKnownFileType = sourcecode.swift; path = CustomTabBarView.swift; sourceTree = "<group>"; };
		6054669F2C05360B008C44FD /* StarRatingView.swift */ = {isa = PBXFileReference; lastKnownFileType = sourcecode.swift; path = StarRatingView.swift; sourceTree = "<group>"; };
		607B037F2C07ACCD00FFD2B9 /* ExpandableTextView.swift */ = {isa = PBXFileReference; lastKnownFileType = sourcecode.swift; path = ExpandableTextView.swift; sourceTree = "<group>"; };
		607B03812C07B6EB00FFD2B9 /* CollapsableTextView.swift */ = {isa = PBXFileReference; lastKnownFileType = sourcecode.swift; path = CollapsableTextView.swift; sourceTree = "<group>"; };
		607D6D3C2B3294B500E68E2C /* AnimeTabVC.swift */ = {isa = PBXFileReference; lastKnownFileType = sourcecode.swift; path = AnimeTabVC.swift; sourceTree = "<group>"; };
		607D6D3E2B329DCE00E68E2C /* TabData.swift */ = {isa = PBXFileReference; lastKnownFileType = sourcecode.swift; path = TabData.swift; sourceTree = "<group>"; };
		607D6D402B329FE200E68E2C /* BookTabVC.swift */ = {isa = PBXFileReference; lastKnownFileType = sourcecode.swift; path = BookTabVC.swift; sourceTree = "<group>"; };
		607D6D422B329FFF00E68E2C /* HomeTabVC.swift */ = {isa = PBXFileReference; lastKnownFileType = sourcecode.swift; path = HomeTabVC.swift; sourceTree = "<group>"; };
		607D6D452B32A09000E68E2C /* ProfileTabVC.swift */ = {isa = PBXFileReference; lastKnownFileType = sourcecode.swift; path = ProfileTabVC.swift; sourceTree = "<group>"; };
		607D6D472B32A09B00E68E2C /* SavedTabVC.swift */ = {isa = PBXFileReference; lastKnownFileType = sourcecode.swift; path = SavedTabVC.swift; sourceTree = "<group>"; };
		607D6D492B32A0A800E68E2C /* BrowseTabView.swift */ = {isa = PBXFileReference; lastKnownFileType = sourcecode.swift; path = BrowseTabView.swift; sourceTree = "<group>"; };
		609594A62B2F9F2200EAE991 /* CellpictureView.swift */ = {isa = PBXFileReference; lastKnownFileType = sourcecode.swift; path = CellpictureView.swift; sourceTree = "<group>"; };
		609594A82B2FD55400EAE991 /* ShonenView.swift */ = {isa = PBXFileReference; lastKnownFileType = sourcecode.swift; path = ShonenView.swift; sourceTree = "<group>"; };
		609594AB2B2FD5B800EAE991 /* IsekaiView.swift */ = {isa = PBXFileReference; lastKnownFileType = sourcecode.swift; path = IsekaiView.swift; sourceTree = "<group>"; };
		609594AD2B2FD5CA00EAE991 /* SliceofLifeView.swift */ = {isa = PBXFileReference; lastKnownFileType = sourcecode.swift; path = SliceofLifeView.swift; sourceTree = "<group>"; };
		609594AF2B2FD66600EAE991 /* SportsView.swift */ = {isa = PBXFileReference; lastKnownFileType = sourcecode.swift; path = SportsView.swift; sourceTree = "<group>"; };
		609594B12B2FD67300EAE991 /* RomanceView.swift */ = {isa = PBXFileReference; lastKnownFileType = sourcecode.swift; path = RomanceView.swift; sourceTree = "<group>"; };
		609594B32B2FD68F00EAE991 /* AllView.swift */ = {isa = PBXFileReference; lastKnownFileType = sourcecode.swift; path = AllView.swift; sourceTree = "<group>"; };
		609594B52B2FD6DD00EAE991 /* PsychologicalView.swift */ = {isa = PBXFileReference; lastKnownFileType = sourcecode.swift; path = PsychologicalView.swift; sourceTree = "<group>"; };
		609594B72B2FD71000EAE991 /* FantasyView.swift */ = {isa = PBXFileReference; lastKnownFileType = sourcecode.swift; path = FantasyView.swift; sourceTree = "<group>"; };
		609594B92B2FD72700EAE991 /* SciFiView.swift */ = {isa = PBXFileReference; lastKnownFileType = sourcecode.swift; path = SciFiView.swift; sourceTree = "<group>"; };
		60AB3B632B2E996700D7FB2B /* Struct.swift */ = {isa = PBXFileReference; lastKnownFileType = sourcecode.swift; path = Struct.swift; sourceTree = "<group>"; };
		60AB3B652B2EADCB00D7FB2B /* AnimeModel.swift */ = {isa = PBXFileReference; lastKnownFileType = sourcecode.swift; path = AnimeModel.swift; sourceTree = "<group>"; };
		60AB3B672B2EB42400D7FB2B /* BookModel.swift */ = {isa = PBXFileReference; lastKnownFileType = sourcecode.swift; path = BookModel.swift; sourceTree = "<group>"; };
		60D9BF132B1BFAA500C8DF52 /* Glassmorphism.app */ = {isa = PBXFileReference; explicitFileType = wrapper.application; includeInIndex = 0; path = Glassmorphism.app; sourceTree = BUILT_PRODUCTS_DIR; };
		60D9BF162B1BFAA500C8DF52 /* GlassmorphismApp.swift */ = {isa = PBXFileReference; lastKnownFileType = sourcecode.swift; path = GlassmorphismApp.swift; sourceTree = "<group>"; };
		60D9BF182B1BFAA500C8DF52 /* ContentView.swift */ = {isa = PBXFileReference; lastKnownFileType = sourcecode.swift; path = ContentView.swift; sourceTree = "<group>"; };
		60D9BF1A2B1BFAA600C8DF52 /* Assets.xcassets */ = {isa = PBXFileReference; lastKnownFileType = folder.assetcatalog; path = Assets.xcassets; sourceTree = "<group>"; };
		60D9BF1D2B1BFAA600C8DF52 /* Preview Assets.xcassets */ = {isa = PBXFileReference; lastKnownFileType = folder.assetcatalog; path = "Preview Assets.xcassets"; sourceTree = "<group>"; };
		60DCF26A2BFFE78000707A24 /* DetailVC.swift */ = {isa = PBXFileReference; lastKnownFileType = sourcecode.swift; path = DetailVC.swift; sourceTree = "<group>"; };
/* End PBXFileReference section */

/* Begin PBXFrameworksBuildPhase section */
		60D9BF102B1BFAA500C8DF52 /* Frameworks */ = {
			isa = PBXFrameworksBuildPhase;
			buildActionMask = 2147483647;
			files = (
			);
			runOnlyForDeploymentPostprocessing = 0;
		};
/* End PBXFrameworksBuildPhase section */

/* Begin PBXGroup section */
		607D6D442B32A01800E68E2C /* TabBarViews */ = {
			isa = PBXGroup;
			children = (
				607D6D452B32A09000E68E2C /* ProfileTabVC.swift */,
				607D6D422B329FFF00E68E2C /* HomeTabVC.swift */,
				607D6D402B329FE200E68E2C /* BookTabVC.swift */,
				607D6D472B32A09B00E68E2C /* SavedTabVC.swift */,
				60536BC32B30EB2A00E9458E /* CustomTabBarView.swift */,
				607D6D3C2B3294B500E68E2C /* AnimeTabVC.swift */,
				607D6D492B32A0A800E68E2C /* BrowseTabView.swift */,
			);
			path = TabBarViews;
			sourceTree = "<group>";
		};
		609594A52B2F9F0800EAE991 /* Views */ = {
			isa = PBXGroup;
			children = (
				607B037F2C07ACCD00FFD2B9 /* ExpandableTextView.swift */,
				6054669F2C05360B008C44FD /* StarRatingView.swift */,
				60197DD92B3E86D4001A3B16 /* CustomNavBar.swift */,
				609594A62B2F9F2200EAE991 /* CellpictureView.swift */,
				609594AA2B2FD59E00EAE991 /* AnimeViews */,
				607B03812C07B6EB00FFD2B9 /* CollapsableTextView.swift */,
			);
			path = Views;
			sourceTree = "<group>";
		};
		609594AA2B2FD59E00EAE991 /* AnimeViews */ = {
			isa = PBXGroup;
			children = (
				609594A82B2FD55400EAE991 /* ShonenView.swift */,
				609594AB2B2FD5B800EAE991 /* IsekaiView.swift */,
				609594AD2B2FD5CA00EAE991 /* SliceofLifeView.swift */,
				609594AF2B2FD66600EAE991 /* SportsView.swift */,
				609594B12B2FD67300EAE991 /* RomanceView.swift */,
				609594B32B2FD68F00EAE991 /* AllView.swift */,
				609594B52B2FD6DD00EAE991 /* PsychologicalView.swift */,
				609594B72B2FD71000EAE991 /* FantasyView.swift */,
				609594B92B2FD72700EAE991 /* SciFiView.swift */,
			);
			path = AnimeViews;
			sourceTree = "<group>";
		};
		60AB3B622B2E994300D7FB2B /* Data */ = {
			isa = PBXGroup;
			children = (
				60AB3B632B2E996700D7FB2B /* Struct.swift */,
				60AB3B652B2EADCB00D7FB2B /* AnimeModel.swift */,
				60AB3B672B2EB42400D7FB2B /* BookModel.swift */,
				607D6D3E2B329DCE00E68E2C /* TabData.swift */,
				604FC4C72C111B9300D66AA0 /* UserModel.swift */,
			);
			path = Data;
			sourceTree = "<group>";
		};
		60D9BF0A2B1BFAA500C8DF52 = {
			isa = PBXGroup;
			children = (
				60D9BF152B1BFAA500C8DF52 /* Glassmorphism */,
				60D9BF142B1BFAA500C8DF52 /* Products */,
			);
			sourceTree = "<group>";
		};
		60D9BF142B1BFAA500C8DF52 /* Products */ = {
			isa = PBXGroup;
			children = (
				60D9BF132B1BFAA500C8DF52 /* Glassmorphism.app */,
			);
			name = Products;
			sourceTree = "<group>";
		};
		60D9BF152B1BFAA500C8DF52 /* Glassmorphism */ = {
			isa = PBXGroup;
			children = (
				60DCF2692BFFE59800707A24 /* Controllers */,
				609594A52B2F9F0800EAE991 /* Views */,
				60AB3B622B2E994300D7FB2B /* Data */,
				60D9BF162B1BFAA500C8DF52 /* GlassmorphismApp.swift */,
				60D9BF182B1BFAA500C8DF52 /* ContentView.swift */,
				60D9BF1A2B1BFAA600C8DF52 /* Assets.xcassets */,
				60D9BF1C2B1BFAA600C8DF52 /* Preview Content */,
			);
			path = Glassmorphism;
			sourceTree = "<group>";
		};
		60D9BF1C2B1BFAA600C8DF52 /* Preview Content */ = {
			isa = PBXGroup;
			children = (
				60D9BF1D2B1BFAA600C8DF52 /* Preview Assets.xcassets */,
			);
			path = "Preview Content";
			sourceTree = "<group>";
		};
		60DCF2692BFFE59800707A24 /* Controllers */ = {
			isa = PBXGroup;
			children = (
				60DCF26A2BFFE78000707A24 /* DetailVC.swift */,
				607D6D442B32A01800E68E2C /* TabBarViews */,
			);
			path = Controllers;
			sourceTree = "<group>";
		};
/* End PBXGroup section */

/* Begin PBXNativeTarget section */
		60D9BF122B1BFAA500C8DF52 /* Glassmorphism */ = {
			isa = PBXNativeTarget;
			buildConfigurationList = 60D9BF212B1BFAA600C8DF52 /* Build configuration list for PBXNativeTarget "Glassmorphism" */;
			buildPhases = (
				60D9BF0F2B1BFAA500C8DF52 /* Sources */,
				60D9BF102B1BFAA500C8DF52 /* Frameworks */,
				60D9BF112B1BFAA500C8DF52 /* Resources */,
			);
			buildRules = (
			);
			dependencies = (
			);
			name = Glassmorphism;
			productName = Glassmorphism;
			productReference = 60D9BF132B1BFAA500C8DF52 /* Glassmorphism.app */;
			productType = "com.apple.product-type.application";
		};
/* End PBXNativeTarget section */

/* Begin PBXProject section */
		60D9BF0B2B1BFAA500C8DF52 /* Project object */ = {
			isa = PBXProject;
			attributes = {
				BuildIndependentTargetsInParallel = 1;
				LastSwiftUpdateCheck = 1430;
				LastUpgradeCheck = 1430;
				TargetAttributes = {
					60D9BF122B1BFAA500C8DF52 = {
						CreatedOnToolsVersion = 14.3.1;
					};
				};
			};
			buildConfigurationList = 60D9BF0E2B1BFAA500C8DF52 /* Build configuration list for PBXProject "Glassmorphism" */;
			compatibilityVersion = "Xcode 14.0";
			developmentRegion = en;
			hasScannedForEncodings = 0;
			knownRegions = (
				en,
				Base,
			);
			mainGroup = 60D9BF0A2B1BFAA500C8DF52;
			productRefGroup = 60D9BF142B1BFAA500C8DF52 /* Products */;
			projectDirPath = "";
			projectRoot = "";
			targets = (
				60D9BF122B1BFAA500C8DF52 /* Glassmorphism */,
			);
		};
/* End PBXProject section */

/* Begin PBXResourcesBuildPhase section */
		60D9BF112B1BFAA500C8DF52 /* Resources */ = {
			isa = PBXResourcesBuildPhase;
			buildActionMask = 2147483647;
			files = (
				60D9BF1E2B1BFAA600C8DF52 /* Preview Assets.xcassets in Resources */,
				60D9BF1B2B1BFAA600C8DF52 /* Assets.xcassets in Resources */,
			);
			runOnlyForDeploymentPostprocessing = 0;
		};
/* End PBXResourcesBuildPhase section */

/* Begin PBXSourcesBuildPhase section */
		60D9BF0F2B1BFAA500C8DF52 /* Sources */ = {
			isa = PBXSourcesBuildPhase;
			buildActionMask = 2147483647;
			files = (
				607D6D482B32A09B00E68E2C /* SavedTabVC.swift in Sources */,
				609594B22B2FD67300EAE991 /* RomanceView.swift in Sources */,
				609594A92B2FD55400EAE991 /* ShonenView.swift in Sources */,
				604FC4C82C111B9300D66AA0 /* UserModel.swift in Sources */,
				60AB3B682B2EB42400D7FB2B /* BookModel.swift in Sources */,
				60536BC42B30EB2A00E9458E /* CustomTabBarView.swift in Sources */,
				605466A02C05360B008C44FD /* StarRatingView.swift in Sources */,
				60DCF26B2BFFE78000707A24 /* DetailVC.swift in Sources */,
				609594BA2B2FD72700EAE991 /* SciFiView.swift in Sources */,
				60AB3B642B2E996700D7FB2B /* Struct.swift in Sources */,
				609594B62B2FD6DD00EAE991 /* PsychologicalView.swift in Sources */,
				607D6D462B32A09000E68E2C /* ProfileTabVC.swift in Sources */,
				607D6D432B329FFF00E68E2C /* HomeTabVC.swift in Sources */,
				607D6D4A2B32A0A800E68E2C /* BrowseTabView.swift in Sources */,
				60D9BF192B1BFAA500C8DF52 /* ContentView.swift in Sources */,
				609594AC2B2FD5B800EAE991 /* IsekaiView.swift in Sources */,
				607D6D3D2B3294B500E68E2C /* AnimeTabVC.swift in Sources */,
				607D6D412B329FE200E68E2C /* BookTabVC.swift in Sources */,
				609594B02B2FD66600EAE991 /* SportsView.swift in Sources */,
				609594A72B2F9F2200EAE991 /* CellpictureView.swift in Sources */,
				609594B82B2FD71000EAE991 /* FantasyView.swift in Sources */,
				60197DDA2B3E86D4001A3B16 /* CustomNavBar.swift in Sources */,
				607D6D3F2B329DCE00E68E2C /* TabData.swift in Sources */,
				607B03802C07ACCD00FFD2B9 /* ExpandableTextView.swift in Sources */,
				609594B42B2FD68F00EAE991 /* AllView.swift in Sources */,
				60AB3B662B2EADCB00D7FB2B /* AnimeModel.swift in Sources */,
				609594AE2B2FD5CA00EAE991 /* SliceofLifeView.swift in Sources */,
				607B03822C07B6EB00FFD2B9 /* CollapsableTextView.swift in Sources */,
				60D9BF172B1BFAA500C8DF52 /* GlassmorphismApp.swift in Sources */,
			);
			runOnlyForDeploymentPostprocessing = 0;
		};
/* End PBXSourcesBuildPhase section */

/* Begin XCBuildConfiguration section */
		60D9BF1F2B1BFAA600C8DF52 /* Debug */ = {
			isa = XCBuildConfiguration;
			buildSettings = {
				ALWAYS_SEARCH_USER_PATHS = NO;
				CLANG_ANALYZER_NONNULL = YES;
				CLANG_ANALYZER_NUMBER_OBJECT_CONVERSION = YES_AGGRESSIVE;
				CLANG_CXX_LANGUAGE_STANDARD = "gnu++20";
				CLANG_ENABLE_MODULES = YES;
				CLANG_ENABLE_OBJC_ARC = YES;
				CLANG_ENABLE_OBJC_WEAK = YES;
				CLANG_WARN_BLOCK_CAPTURE_AUTORELEASING = YES;
				CLANG_WARN_BOOL_CONVERSION = YES;
				CLANG_WARN_COMMA = YES;
				CLANG_WARN_CONSTANT_CONVERSION = YES;
				CLANG_WARN_DEPRECATED_OBJC_IMPLEMENTATIONS = YES;
				CLANG_WARN_DIRECT_OBJC_ISA_USAGE = YES_ERROR;
				CLANG_WARN_DOCUMENTATION_COMMENTS = YES;
				CLANG_WARN_EMPTY_BODY = YES;
				CLANG_WARN_ENUM_CONVERSION = YES;
				CLANG_WARN_INFINITE_RECURSION = YES;
				CLANG_WARN_INT_CONVERSION = YES;
				CLANG_WARN_NON_LITERAL_NULL_CONVERSION = YES;
				CLANG_WARN_OBJC_IMPLICIT_RETAIN_SELF = YES;
				CLANG_WARN_OBJC_LITERAL_CONVERSION = YES;
				CLANG_WARN_OBJC_ROOT_CLASS = YES_ERROR;
				CLANG_WARN_QUOTED_INCLUDE_IN_FRAMEWORK_HEADER = YES;
				CLANG_WARN_RANGE_LOOP_ANALYSIS = YES;
				CLANG_WARN_STRICT_PROTOTYPES = YES;
				CLANG_WARN_SUSPICIOUS_MOVE = YES;
				CLANG_WARN_UNGUARDED_AVAILABILITY = YES_AGGRESSIVE;
				CLANG_WARN_UNREACHABLE_CODE = YES;
				CLANG_WARN__DUPLICATE_METHOD_MATCH = YES;
				COPY_PHASE_STRIP = NO;
				DEBUG_INFORMATION_FORMAT = dwarf;
				ENABLE_STRICT_OBJC_MSGSEND = YES;
				ENABLE_TESTABILITY = YES;
				GCC_C_LANGUAGE_STANDARD = gnu11;
				GCC_DYNAMIC_NO_PIC = NO;
				GCC_NO_COMMON_BLOCKS = YES;
				GCC_OPTIMIZATION_LEVEL = 0;
				GCC_PREPROCESSOR_DEFINITIONS = (
					"DEBUG=1",
					"$(inherited)",
				);
				GCC_WARN_64_TO_32_BIT_CONVERSION = YES;
				GCC_WARN_ABOUT_RETURN_TYPE = YES_ERROR;
				GCC_WARN_UNDECLARED_SELECTOR = YES;
				GCC_WARN_UNINITIALIZED_AUTOS = YES_AGGRESSIVE;
				GCC_WARN_UNUSED_FUNCTION = YES;
				GCC_WARN_UNUSED_VARIABLE = YES;
				IPHONEOS_DEPLOYMENT_TARGET = 16.4;
				MTL_ENABLE_DEBUG_INFO = INCLUDE_SOURCE;
				MTL_FAST_MATH = YES;
				ONLY_ACTIVE_ARCH = YES;
				SDKROOT = iphoneos;
				SWIFT_ACTIVE_COMPILATION_CONDITIONS = DEBUG;
				SWIFT_OPTIMIZATION_LEVEL = "-Onone";
			};
			name = Debug;
		};
		60D9BF202B1BFAA600C8DF52 /* Release */ = {
			isa = XCBuildConfiguration;
			buildSettings = {
				ALWAYS_SEARCH_USER_PATHS = NO;
				CLANG_ANALYZER_NONNULL = YES;
				CLANG_ANALYZER_NUMBER_OBJECT_CONVERSION = YES_AGGRESSIVE;
				CLANG_CXX_LANGUAGE_STANDARD = "gnu++20";
				CLANG_ENABLE_MODULES = YES;
				CLANG_ENABLE_OBJC_ARC = YES;
				CLANG_ENABLE_OBJC_WEAK = YES;
				CLANG_WARN_BLOCK_CAPTURE_AUTORELEASING = YES;
				CLANG_WARN_BOOL_CONVERSION = YES;
				CLANG_WARN_COMMA = YES;
				CLANG_WARN_CONSTANT_CONVERSION = YES;
				CLANG_WARN_DEPRECATED_OBJC_IMPLEMENTATIONS = YES;
				CLANG_WARN_DIRECT_OBJC_ISA_USAGE = YES_ERROR;
				CLANG_WARN_DOCUMENTATION_COMMENTS = YES;
				CLANG_WARN_EMPTY_BODY = YES;
				CLANG_WARN_ENUM_CONVERSION = YES;
				CLANG_WARN_INFINITE_RECURSION = YES;
				CLANG_WARN_INT_CONVERSION = YES;
				CLANG_WARN_NON_LITERAL_NULL_CONVERSION = YES;
				CLANG_WARN_OBJC_IMPLICIT_RETAIN_SELF = YES;
				CLANG_WARN_OBJC_LITERAL_CONVERSION = YES;
				CLANG_WARN_OBJC_ROOT_CLASS = YES_ERROR;
				CLANG_WARN_QUOTED_INCLUDE_IN_FRAMEWORK_HEADER = YES;
				CLANG_WARN_RANGE_LOOP_ANALYSIS = YES;
				CLANG_WARN_STRICT_PROTOTYPES = YES;
				CLANG_WARN_SUSPICIOUS_MOVE = YES;
				CLANG_WARN_UNGUARDED_AVAILABILITY = YES_AGGRESSIVE;
				CLANG_WARN_UNREACHABLE_CODE = YES;
				CLANG_WARN__DUPLICATE_METHOD_MATCH = YES;
				COPY_PHASE_STRIP = NO;
				DEBUG_INFORMATION_FORMAT = "dwarf-with-dsym";
				ENABLE_NS_ASSERTIONS = NO;
				ENABLE_STRICT_OBJC_MSGSEND = YES;
				GCC_C_LANGUAGE_STANDARD = gnu11;
				GCC_NO_COMMON_BLOCKS = YES;
				GCC_WARN_64_TO_32_BIT_CONVERSION = YES;
				GCC_WARN_ABOUT_RETURN_TYPE = YES_ERROR;
				GCC_WARN_UNDECLARED_SELECTOR = YES;
				GCC_WARN_UNINITIALIZED_AUTOS = YES_AGGRESSIVE;
				GCC_WARN_UNUSED_FUNCTION = YES;
				GCC_WARN_UNUSED_VARIABLE = YES;
				IPHONEOS_DEPLOYMENT_TARGET = 16.4;
				MTL_ENABLE_DEBUG_INFO = NO;
				MTL_FAST_MATH = YES;
				SDKROOT = iphoneos;
				SWIFT_COMPILATION_MODE = wholemodule;
				SWIFT_OPTIMIZATION_LEVEL = "-O";
				VALIDATE_PRODUCT = YES;
			};
			name = Release;
		};
		60D9BF222B1BFAA600C8DF52 /* Debug */ = {
			isa = XCBuildConfiguration;
			buildSettings = {
				ASSETCATALOG_COMPILER_APPICON_NAME = AppIcon;
				ASSETCATALOG_COMPILER_GLOBAL_ACCENT_COLOR_NAME = AccentColor;
				CODE_SIGN_STYLE = Automatic;
				CURRENT_PROJECT_VERSION = 1;
				DEVELOPMENT_ASSET_PATHS = "\"Glassmorphism/Preview Content\"";
				DEVELOPMENT_TEAM = AH9JG35KT5;
				ENABLE_PREVIEWS = YES;
				GENERATE_INFOPLIST_FILE = YES;
				INFOPLIST_KEY_UIApplicationSceneManifest_Generation = YES;
				INFOPLIST_KEY_UIApplicationSupportsIndirectInputEvents = YES;
				INFOPLIST_KEY_UILaunchScreen_Generation = YES;
				INFOPLIST_KEY_UISupportedInterfaceOrientations_iPad = "UIInterfaceOrientationPortrait UIInterfaceOrientationPortraitUpsideDown UIInterfaceOrientationLandscapeLeft UIInterfaceOrientationLandscapeRight";
				INFOPLIST_KEY_UISupportedInterfaceOrientations_iPhone = "UIInterfaceOrientationPortrait UIInterfaceOrientationLandscapeLeft UIInterfaceOrientationLandscapeRight";
				LD_RUNPATH_SEARCH_PATHS = (
					"$(inherited)",
					"@executable_path/Frameworks",
				);
				MARKETING_VERSION = 1.0;
				PRODUCT_BUNDLE_IDENTIFIER = "Kathy-Chen.Glassmorphism";
				PRODUCT_NAME = "$(TARGET_NAME)";
				SWIFT_EMIT_LOC_STRINGS = YES;
				SWIFT_VERSION = 5.0;
				TARGETED_DEVICE_FAMILY = "1,2";
			};
			name = Debug;
		};
		60D9BF232B1BFAA600C8DF52 /* Release */ = {
			isa = XCBuildConfiguration;
			buildSettings = {
				ASSETCATALOG_COMPILER_APPICON_NAME = AppIcon;
				ASSETCATALOG_COMPILER_GLOBAL_ACCENT_COLOR_NAME = AccentColor;
				CODE_SIGN_STYLE = Automatic;
				CURRENT_PROJECT_VERSION = 1;
				DEVELOPMENT_ASSET_PATHS = "\"Glassmorphism/Preview Content\"";
				DEVELOPMENT_TEAM = AH9JG35KT5;
				ENABLE_PREVIEWS = YES;
				GENERATE_INFOPLIST_FILE = YES;
				INFOPLIST_KEY_UIApplicationSceneManifest_Generation = YES;
				INFOPLIST_KEY_UIApplicationSupportsIndirectInputEvents = YES;
				INFOPLIST_KEY_UILaunchScreen_Generation = YES;
				INFOPLIST_KEY_UISupportedInterfaceOrientations_iPad = "UIInterfaceOrientationPortrait UIInterfaceOrientationPortraitUpsideDown UIInterfaceOrientationLandscapeLeft UIInterfaceOrientationLandscapeRight";
				INFOPLIST_KEY_UISupportedInterfaceOrientations_iPhone = "UIInterfaceOrientationPortrait UIInterfaceOrientationLandscapeLeft UIInterfaceOrientationLandscapeRight";
				LD_RUNPATH_SEARCH_PATHS = (
					"$(inherited)",
					"@executable_path/Frameworks",
				);
				MARKETING_VERSION = 1.0;
				PRODUCT_BUNDLE_IDENTIFIER = "Kathy-Chen.Glassmorphism";
				PRODUCT_NAME = "$(TARGET_NAME)";
				SWIFT_EMIT_LOC_STRINGS = YES;
				SWIFT_VERSION = 5.0;
				TARGETED_DEVICE_FAMILY = "1,2";
			};
			name = Release;
		};
/* End XCBuildConfiguration section */

/* Begin XCConfigurationList section */
		60D9BF0E2B1BFAA500C8DF52 /* Build configuration list for PBXProject "Glassmorphism" */ = {
			isa = XCConfigurationList;
			buildConfigurations = (
				60D9BF1F2B1BFAA600C8DF52 /* Debug */,
				60D9BF202B1BFAA600C8DF52 /* Release */,
			);
			defaultConfigurationIsVisible = 0;
			defaultConfigurationName = Release;
		};
		60D9BF212B1BFAA600C8DF52 /* Build configuration list for PBXNativeTarget "Glassmorphism" */ = {
			isa = XCConfigurationList;
			buildConfigurations = (
				60D9BF222B1BFAA600C8DF52 /* Debug */,
				60D9BF232B1BFAA600C8DF52 /* Release */,
			);
			defaultConfigurationIsVisible = 0;
			defaultConfigurationName = Release;
		};
/* End XCConfigurationList section */
	};
	rootObject = 60D9BF0B2B1BFAA500C8DF52 /* Project object */;
}
